
Microsoft Visual Studio Solution File, Format Version 12.00
# Visual Studio Version 16
VisualStudioVersion = 16.0.29230.47
MinimumVisualStudioVersion = 10.0.40219.1
Project("{FAE04EC0-301F-11D3-BF4B-00C04F79EFBC}") = "Bensa", "Bensa\Bensa.csproj", "{13E18118-C780-412F-B641-905A2EA6FA71}"
EndProject
Global
	GlobalSection(SolutionConfigurationPlatforms) = preSolution
		Debug|Any CPU = Debug|Any CPU
		Release|Any CPU = Release|Any CPU
	EndGlobalSection
	GlobalSection(ProjectConfigurationPlatforms) = postSolution
		{13E18118-C780-412F-B641-905A2EA6FA71}.Debug|Any CPU.ActiveCfg = Debug|Any CPU
		{13E18118-C780-412F-B641-905A2EA6FA71}.Debug|Any CPU.Build.0 = Debug|Any CPU
		{13E18118-C780-412F-B641-905A2EA6FA71}.Release|Any CPU.ActiveCfg = Release|Any CPU
		{13E18118-C780-412F-B641-905A2EA6FA71}.Release|Any CPU.Build.0 = Release|Any CPU
	EndGlobalSection
	GlobalSection(SolutionProperties) = preSolution
		HideSolutionNode = FALSE
	EndGlobalSection
	GlobalSection(ExtensibilityGlobals) = postSolution
		SolutionGuid = {84312ECD-18F3-41E1-83DA-7C51917F495E}
	EndGlobalSection
EndGlobal
